
Microsoft Visual Studio Solution File, Format Version 12.00
# Visual Studio Version 17
VisualStudioVersion = 17.2.32630.192
MinimumVisualStudioVersion = 15.0.26124.0
Project("{2150E333-8FDC-42A3-9474-1A3956D46DE8}") = ".paket", ".paket", "{4F3C6D69-1B1C-4FA2-BEC0-9AF12EEFA2C0}"
	ProjectSection(SolutionItems) = preProject
		paket.dependencies = paket.dependencies
	EndProjectSection
EndProject
Project("{2150E333-8FDC-42A3-9474-1A3956D46DE8}") = "Solution Items", "Solution Items", "{08CCFCF6-2248-43ED-A6EF-E972A2DA0E6A}"
	ProjectSection(SolutionItems) = preProject
		package-lock.json = package-lock.json
		package.json = package.json
		README.md = README.md
		webpack.config.js = webpack.config.js
	EndProjectSection
EndProject
Project("{2150E333-8FDC-42A3-9474-1A3956D46DE8}") = "src", "src", "{F84DCF8A-FC1A-4677-AF4D-616AD7DB3470}"
EndProject
Project("{6EC3EE1D-3C4E-46DD-8F32-0CC8E7565705}") = "Server", "src\Server\Server.fsproj", "{B56110F0-2D27-4718-8C80-E7FDE3439A63}"
EndProject
Project("{6EC3EE1D-3C4E-46DD-8F32-0CC8E7565705}") = "Client", "src\Client\Client.fsproj", "{8F1A0074-C392-4975-8020-55176D9CB0B5}"
EndProject
Project("{6EC3EE1D-3C4E-46DD-8F32-0CC8E7565705}") = "Build", "Build.fsproj", "{D7B19752-D937-475D-B992-567ECB0CB397}"
EndProject
Project("{2150E333-8FDC-42A3-9474-1A3956D46DE8}") = "tests", "tests", "{E75733BC-FF1B-477D-AEAE-43CD0DE5490B}"
EndProject
Project("{6EC3EE1D-3C4E-46DD-8F32-0CC8E7565705}") = "Server.Tests", "tests\Server\Server.Tests.fsproj", "{2B51B8DF-3870-43A4-9448-C52340CC6089}"
EndProject
Project("{F2A71F9B-5D33-465A-A702-920D77279786}") = "Informedica.GenCore.Lib", "src\Informedica.GenCore.Lib\Informedica.GenCore.Lib.fsproj", "{8BDA6F06-4F79-4F41-9F56-A1A9C5002B39}"
EndProject
Project("{F2A71F9B-5D33-465A-A702-920D77279786}") = "Informedica.GenForm.Lib", "src\Informedica.GenForm.Lib\Informedica.GenForm.Lib.fsproj", "{9BDC2421-858C-4E80-94D3-B80BF68666DA}"
EndProject
Project("{F2A71F9B-5D33-465A-A702-920D77279786}") = "Informedica.GenOrder.Lib", "src\Informedica.GenOrder.Lib\Informedica.GenOrder.Lib.fsproj", "{B1EE588A-761E-4DB5-B7E2-27DB3BC9A405}"
EndProject
Project("{F2A71F9B-5D33-465A-A702-920D77279786}") = "Informedica.GenSolver.Lib", "src\Informedica.GenSolver.Lib\Informedica.GenSolver.Lib.fsproj", "{E142EDBF-E3AB-4ACD-B155-7C15B4906EC0}"
EndProject
Project("{F2A71F9B-5D33-465A-A702-920D77279786}") = "Informedica.GenUnits.Lib", "src\Informedica.GenUnits.Lib\Informedica.GenUnits.Lib.fsproj", "{E064263E-60FD-416F-A11B-760AFA1D41F8}"
EndProject
Project("{F2A71F9B-5D33-465A-A702-920D77279786}") = "Informedica.Utils.Lib", "src\Informedica.Utils.Lib\Informedica.Utils.Lib.fsproj", "{0E30EB22-0091-4927-8B4B-FD2BD46CE5DE}"
EndProject
Project("{F2A71F9B-5D33-465A-A702-920D77279786}") = "Informedica.ZForm.Lib", "src\Informedica.ZForm.Lib\Informedica.ZForm.Lib.fsproj", "{E5DA04D9-786D-40A8-9702-508D25BDCF80}"
EndProject
Project("{F2A71F9B-5D33-465A-A702-920D77279786}") = "Informedica.ZIndex.Lib", "src\Informedica.ZIndex.Lib\Informedica.ZIndex.Lib.fsproj", "{413FB1D3-4A35-497C-8A66-F454EE43CB30}"
EndProject
Global
	GlobalSection(SolutionConfigurationPlatforms) = preSolution
		Debug|Any CPU = Debug|Any CPU
		Debug|x64 = Debug|x64
		Debug|x86 = Debug|x86
		Release|Any CPU = Release|Any CPU
		Release|x64 = Release|x64
		Release|x86 = Release|x86
	EndGlobalSection
	GlobalSection(ProjectConfigurationPlatforms) = postSolution
		{B56110F0-2D27-4718-8C80-E7FDE3439A63}.Debug|Any CPU.ActiveCfg = Debug|Any CPU
		{B56110F0-2D27-4718-8C80-E7FDE3439A63}.Debug|Any CPU.Build.0 = Debug|Any CPU
		{B56110F0-2D27-4718-8C80-E7FDE3439A63}.Debug|x64.ActiveCfg = Debug|Any CPU
		{B56110F0-2D27-4718-8C80-E7FDE3439A63}.Debug|x64.Build.0 = Debug|Any CPU
		{B56110F0-2D27-4718-8C80-E7FDE3439A63}.Debug|x86.ActiveCfg = Debug|Any CPU
		{B56110F0-2D27-4718-8C80-E7FDE3439A63}.Debug|x86.Build.0 = Debug|Any CPU
		{B56110F0-2D27-4718-8C80-E7FDE3439A63}.Release|Any CPU.ActiveCfg = Release|Any CPU
		{B56110F0-2D27-4718-8C80-E7FDE3439A63}.Release|Any CPU.Build.0 = Release|Any CPU
		{B56110F0-2D27-4718-8C80-E7FDE3439A63}.Release|x64.ActiveCfg = Release|Any CPU
		{B56110F0-2D27-4718-8C80-E7FDE3439A63}.Release|x64.Build.0 = Release|Any CPU
		{B56110F0-2D27-4718-8C80-E7FDE3439A63}.Release|x86.ActiveCfg = Release|Any CPU
		{B56110F0-2D27-4718-8C80-E7FDE3439A63}.Release|x86.Build.0 = Release|Any CPU
		{8F1A0074-C392-4975-8020-55176D9CB0B5}.Debug|Any CPU.ActiveCfg = Debug|Any CPU
		{8F1A0074-C392-4975-8020-55176D9CB0B5}.Debug|Any CPU.Build.0 = Debug|Any CPU
		{8F1A0074-C392-4975-8020-55176D9CB0B5}.Debug|x64.ActiveCfg = Debug|Any CPU
		{8F1A0074-C392-4975-8020-55176D9CB0B5}.Debug|x64.Build.0 = Debug|Any CPU
		{8F1A0074-C392-4975-8020-55176D9CB0B5}.Debug|x86.ActiveCfg = Debug|Any CPU
		{8F1A0074-C392-4975-8020-55176D9CB0B5}.Debug|x86.Build.0 = Debug|Any CPU
		{8F1A0074-C392-4975-8020-55176D9CB0B5}.Release|Any CPU.ActiveCfg = Release|Any CPU
		{8F1A0074-C392-4975-8020-55176D9CB0B5}.Release|Any CPU.Build.0 = Release|Any CPU
		{8F1A0074-C392-4975-8020-55176D9CB0B5}.Release|x64.ActiveCfg = Release|Any CPU
		{8F1A0074-C392-4975-8020-55176D9CB0B5}.Release|x64.Build.0 = Release|Any CPU
		{8F1A0074-C392-4975-8020-55176D9CB0B5}.Release|x86.ActiveCfg = Release|Any CPU
		{8F1A0074-C392-4975-8020-55176D9CB0B5}.Release|x86.Build.0 = Release|Any CPU
		{D7B19752-D937-475D-B992-567ECB0CB397}.Debug|Any CPU.ActiveCfg = Debug|Any CPU
		{D7B19752-D937-475D-B992-567ECB0CB397}.Debug|Any CPU.Build.0 = Debug|Any CPU
		{D7B19752-D937-475D-B992-567ECB0CB397}.Debug|x64.ActiveCfg = Debug|Any CPU
		{D7B19752-D937-475D-B992-567ECB0CB397}.Debug|x64.Build.0 = Debug|Any CPU
		{D7B19752-D937-475D-B992-567ECB0CB397}.Debug|x86.ActiveCfg = Debug|Any CPU
		{D7B19752-D937-475D-B992-567ECB0CB397}.Debug|x86.Build.0 = Debug|Any CPU
		{D7B19752-D937-475D-B992-567ECB0CB397}.Release|Any CPU.ActiveCfg = Release|Any CPU
		{D7B19752-D937-475D-B992-567ECB0CB397}.Release|Any CPU.Build.0 = Release|Any CPU
		{D7B19752-D937-475D-B992-567ECB0CB397}.Release|x64.ActiveCfg = Release|Any CPU
		{D7B19752-D937-475D-B992-567ECB0CB397}.Release|x64.Build.0 = Release|Any CPU
		{D7B19752-D937-475D-B992-567ECB0CB397}.Release|x86.ActiveCfg = Release|Any CPU
		{D7B19752-D937-475D-B992-567ECB0CB397}.Release|x86.Build.0 = Release|Any CPU
		{2B51B8DF-3870-43A4-9448-C52340CC6089}.Debug|Any CPU.ActiveCfg = Debug|Any CPU
		{2B51B8DF-3870-43A4-9448-C52340CC6089}.Debug|Any CPU.Build.0 = Debug|Any CPU
		{2B51B8DF-3870-43A4-9448-C52340CC6089}.Debug|x64.ActiveCfg = Debug|Any CPU
		{2B51B8DF-3870-43A4-9448-C52340CC6089}.Debug|x64.Build.0 = Debug|Any CPU
		{2B51B8DF-3870-43A4-9448-C52340CC6089}.Debug|x86.ActiveCfg = Debug|Any CPU
		{2B51B8DF-3870-43A4-9448-C52340CC6089}.Debug|x86.Build.0 = Debug|Any CPU
		{2B51B8DF-3870-43A4-9448-C52340CC6089}.Release|Any CPU.ActiveCfg = Release|Any CPU
		{2B51B8DF-3870-43A4-9448-C52340CC6089}.Release|Any CPU.Build.0 = Release|Any CPU
		{2B51B8DF-3870-43A4-9448-C52340CC6089}.Release|x64.ActiveCfg = Release|Any CPU
		{2B51B8DF-3870-43A4-9448-C52340CC6089}.Release|x64.Build.0 = Release|Any CPU
		{2B51B8DF-3870-43A4-9448-C52340CC6089}.Release|x86.ActiveCfg = Release|Any CPU
		{2B51B8DF-3870-43A4-9448-C52340CC6089}.Release|x86.Build.0 = Release|Any CPU
		{8BDA6F06-4F79-4F41-9F56-A1A9C5002B39}.Debug|Any CPU.ActiveCfg = Debug|Any CPU
		{8BDA6F06-4F79-4F41-9F56-A1A9C5002B39}.Debug|Any CPU.Build.0 = Debug|Any CPU
		{8BDA6F06-4F79-4F41-9F56-A1A9C5002B39}.Debug|x64.ActiveCfg = Debug|Any CPU
		{8BDA6F06-4F79-4F41-9F56-A1A9C5002B39}.Debug|x64.Build.0 = Debug|Any CPU
		{8BDA6F06-4F79-4F41-9F56-A1A9C5002B39}.Debug|x86.ActiveCfg = Debug|Any CPU
		{8BDA6F06-4F79-4F41-9F56-A1A9C5002B39}.Debug|x86.Build.0 = Debug|Any CPU
		{8BDA6F06-4F79-4F41-9F56-A1A9C5002B39}.Release|Any CPU.ActiveCfg = Release|Any CPU
		{8BDA6F06-4F79-4F41-9F56-A1A9C5002B39}.Release|Any CPU.Build.0 = Release|Any CPU
		{8BDA6F06-4F79-4F41-9F56-A1A9C5002B39}.Release|x64.ActiveCfg = Release|Any CPU
		{8BDA6F06-4F79-4F41-9F56-A1A9C5002B39}.Release|x64.Build.0 = Release|Any CPU
		{8BDA6F06-4F79-4F41-9F56-A1A9C5002B39}.Release|x86.ActiveCfg = Release|Any CPU
		{8BDA6F06-4F79-4F41-9F56-A1A9C5002B39}.Release|x86.Build.0 = Release|Any CPU
		{9BDC2421-858C-4E80-94D3-B80BF68666DA}.Debug|Any CPU.ActiveCfg = Debug|Any CPU
		{9BDC2421-858C-4E80-94D3-B80BF68666DA}.Debug|Any CPU.Build.0 = Debug|Any CPU
		{9BDC2421-858C-4E80-94D3-B80BF68666DA}.Debug|x64.ActiveCfg = Debug|Any CPU
		{9BDC2421-858C-4E80-94D3-B80BF68666DA}.Debug|x64.Build.0 = Debug|Any CPU
		{9BDC2421-858C-4E80-94D3-B80BF68666DA}.Debug|x86.ActiveCfg = Debug|Any CPU
		{9BDC2421-858C-4E80-94D3-B80BF68666DA}.Debug|x86.Build.0 = Debug|Any CPU
		{9BDC2421-858C-4E80-94D3-B80BF68666DA}.Release|Any CPU.ActiveCfg = Release|Any CPU
		{9BDC2421-858C-4E80-94D3-B80BF68666DA}.Release|Any CPU.Build.0 = Release|Any CPU
		{9BDC2421-858C-4E80-94D3-B80BF68666DA}.Release|x64.ActiveCfg = Release|Any CPU
		{9BDC2421-858C-4E80-94D3-B80BF68666DA}.Release|x64.Build.0 = Release|Any CPU
		{9BDC2421-858C-4E80-94D3-B80BF68666DA}.Release|x86.ActiveCfg = Release|Any CPU
		{9BDC2421-858C-4E80-94D3-B80BF68666DA}.Release|x86.Build.0 = Release|Any CPU
		{B1EE588A-761E-4DB5-B7E2-27DB3BC9A405}.Debug|Any CPU.ActiveCfg = Debug|Any CPU
		{B1EE588A-761E-4DB5-B7E2-27DB3BC9A405}.Debug|Any CPU.Build.0 = Debug|Any CPU
		{B1EE588A-761E-4DB5-B7E2-27DB3BC9A405}.Debug|x64.ActiveCfg = Debug|Any CPU
		{B1EE588A-761E-4DB5-B7E2-27DB3BC9A405}.Debug|x64.Build.0 = Debug|Any CPU
		{B1EE588A-761E-4DB5-B7E2-27DB3BC9A405}.Debug|x86.ActiveCfg = Debug|Any CPU
		{B1EE588A-761E-4DB5-B7E2-27DB3BC9A405}.Debug|x86.Build.0 = Debug|Any CPU
		{B1EE588A-761E-4DB5-B7E2-27DB3BC9A405}.Release|Any CPU.ActiveCfg = Release|Any CPU
		{B1EE588A-761E-4DB5-B7E2-27DB3BC9A405}.Release|Any CPU.Build.0 = Release|Any CPU
		{B1EE588A-761E-4DB5-B7E2-27DB3BC9A405}.Release|x64.ActiveCfg = Release|Any CPU
		{B1EE588A-761E-4DB5-B7E2-27DB3BC9A405}.Release|x64.Build.0 = Release|Any CPU
		{B1EE588A-761E-4DB5-B7E2-27DB3BC9A405}.Release|x86.ActiveCfg = Release|Any CPU
		{B1EE588A-761E-4DB5-B7E2-27DB3BC9A405}.Release|x86.Build.0 = Release|Any CPU
		{E142EDBF-E3AB-4ACD-B155-7C15B4906EC0}.Debug|Any CPU.ActiveCfg = Debug|Any CPU
		{E142EDBF-E3AB-4ACD-B155-7C15B4906EC0}.Debug|Any CPU.Build.0 = Debug|Any CPU
		{E142EDBF-E3AB-4ACD-B155-7C15B4906EC0}.Debug|x64.ActiveCfg = Debug|Any CPU
		{E142EDBF-E3AB-4ACD-B155-7C15B4906EC0}.Debug|x64.Build.0 = Debug|Any CPU
		{E142EDBF-E3AB-4ACD-B155-7C15B4906EC0}.Debug|x86.ActiveCfg = Debug|Any CPU
		{E142EDBF-E3AB-4ACD-B155-7C15B4906EC0}.Debug|x86.Build.0 = Debug|Any CPU
		{E142EDBF-E3AB-4ACD-B155-7C15B4906EC0}.Release|Any CPU.ActiveCfg = Release|Any CPU
		{E142EDBF-E3AB-4ACD-B155-7C15B4906EC0}.Release|Any CPU.Build.0 = Release|Any CPU
		{E142EDBF-E3AB-4ACD-B155-7C15B4906EC0}.Release|x64.ActiveCfg = Release|Any CPU
		{E142EDBF-E3AB-4ACD-B155-7C15B4906EC0}.Release|x64.Build.0 = Release|Any CPU
		{E142EDBF-E3AB-4ACD-B155-7C15B4906EC0}.Release|x86.ActiveCfg = Release|Any CPU
		{E142EDBF-E3AB-4ACD-B155-7C15B4906EC0}.Release|x86.Build.0 = Release|Any CPU
		{E064263E-60FD-416F-A11B-760AFA1D41F8}.Debug|Any CPU.ActiveCfg = Debug|Any CPU
		{E064263E-60FD-416F-A11B-760AFA1D41F8}.Debug|Any CPU.Build.0 = Debug|Any CPU
		{E064263E-60FD-416F-A11B-760AFA1D41F8}.Debug|x64.ActiveCfg = Debug|Any CPU
		{E064263E-60FD-416F-A11B-760AFA1D41F8}.Debug|x64.Build.0 = Debug|Any CPU
		{E064263E-60FD-416F-A11B-760AFA1D41F8}.Debug|x86.ActiveCfg = Debug|Any CPU
		{E064263E-60FD-416F-A11B-760AFA1D41F8}.Debug|x86.Build.0 = Debug|Any CPU
		{E064263E-60FD-416F-A11B-760AFA1D41F8}.Release|Any CPU.ActiveCfg = Release|Any CPU
		{E064263E-60FD-416F-A11B-760AFA1D41F8}.Release|Any CPU.Build.0 = Release|Any CPU
		{E064263E-60FD-416F-A11B-760AFA1D41F8}.Release|x64.ActiveCfg = Release|Any CPU
		{E064263E-60FD-416F-A11B-760AFA1D41F8}.Release|x64.Build.0 = Release|Any CPU
		{E064263E-60FD-416F-A11B-760AFA1D41F8}.Release|x86.ActiveCfg = Release|Any CPU
		{E064263E-60FD-416F-A11B-760AFA1D41F8}.Release|x86.Build.0 = Release|Any CPU
		{0E30EB22-0091-4927-8B4B-FD2BD46CE5DE}.Debug|Any CPU.ActiveCfg = Debug|Any CPU
		{0E30EB22-0091-4927-8B4B-FD2BD46CE5DE}.Debug|Any CPU.Build.0 = Debug|Any CPU
		{0E30EB22-0091-4927-8B4B-FD2BD46CE5DE}.Debug|x64.ActiveCfg = Debug|Any CPU
		{0E30EB22-0091-4927-8B4B-FD2BD46CE5DE}.Debug|x64.Build.0 = Debug|Any CPU
		{0E30EB22-0091-4927-8B4B-FD2BD46CE5DE}.Debug|x86.ActiveCfg = Debug|Any CPU
		{0E30EB22-0091-4927-8B4B-FD2BD46CE5DE}.Debug|x86.Build.0 = Debug|Any CPU
		{0E30EB22-0091-4927-8B4B-FD2BD46CE5DE}.Release|Any CPU.ActiveCfg = Release|Any CPU
		{0E30EB22-0091-4927-8B4B-FD2BD46CE5DE}.Release|Any CPU.Build.0 = Release|Any CPU
		{0E30EB22-0091-4927-8B4B-FD2BD46CE5DE}.Release|x64.ActiveCfg = Release|Any CPU
		{0E30EB22-0091-4927-8B4B-FD2BD46CE5DE}.Release|x64.Build.0 = Release|Any CPU
		{0E30EB22-0091-4927-8B4B-FD2BD46CE5DE}.Release|x86.ActiveCfg = Release|Any CPU
		{0E30EB22-0091-4927-8B4B-FD2BD46CE5DE}.Release|x86.Build.0 = Release|Any CPU
		{E5DA04D9-786D-40A8-9702-508D25BDCF80}.Debug|Any CPU.ActiveCfg = Debug|Any CPU
		{E5DA04D9-786D-40A8-9702-508D25BDCF80}.Debug|Any CPU.Build.0 = Debug|Any CPU
		{E5DA04D9-786D-40A8-9702-508D25BDCF80}.Debug|x64.ActiveCfg = Debug|Any CPU
		{E5DA04D9-786D-40A8-9702-508D25BDCF80}.Debug|x64.Build.0 = Debug|Any CPU
		{E5DA04D9-786D-40A8-9702-508D25BDCF80}.Debug|x86.ActiveCfg = Debug|Any CPU
		{E5DA04D9-786D-40A8-9702-508D25BDCF80}.Debug|x86.Build.0 = Debug|Any CPU
		{E5DA04D9-786D-40A8-9702-508D25BDCF80}.Release|Any CPU.ActiveCfg = Release|Any CPU
		{E5DA04D9-786D-40A8-9702-508D25BDCF80}.Release|Any CPU.Build.0 = Release|Any CPU
		{E5DA04D9-786D-40A8-9702-508D25BDCF80}.Release|x64.ActiveCfg = Release|Any CPU
		{E5DA04D9-786D-40A8-9702-508D25BDCF80}.Release|x64.Build.0 = Release|Any CPU
		{E5DA04D9-786D-40A8-9702-508D25BDCF80}.Release|x86.ActiveCfg = Release|Any CPU
		{E5DA04D9-786D-40A8-9702-508D25BDCF80}.Release|x86.Build.0 = Release|Any CPU
		{413FB1D3-4A35-497C-8A66-F454EE43CB30}.Debug|Any CPU.ActiveCfg = Debug|Any CPU
		{413FB1D3-4A35-497C-8A66-F454EE43CB30}.Debug|Any CPU.Build.0 = Debug|Any CPU
		{413FB1D3-4A35-497C-8A66-F454EE43CB30}.Debug|x64.ActiveCfg = Debug|Any CPU
		{413FB1D3-4A35-497C-8A66-F454EE43CB30}.Debug|x64.Build.0 = Debug|Any CPU
		{413FB1D3-4A35-497C-8A66-F454EE43CB30}.Debug|x86.ActiveCfg = Debug|Any CPU
		{413FB1D3-4A35-497C-8A66-F454EE43CB30}.Debug|x86.Build.0 = Debug|Any CPU
		{413FB1D3-4A35-497C-8A66-F454EE43CB30}.Release|Any CPU.ActiveCfg = Release|Any CPU
		{413FB1D3-4A35-497C-8A66-F454EE43CB30}.Release|Any CPU.Build.0 = Release|Any CPU
		{413FB1D3-4A35-497C-8A66-F454EE43CB30}.Release|x64.ActiveCfg = Release|Any CPU
		{413FB1D3-4A35-497C-8A66-F454EE43CB30}.Release|x64.Build.0 = Release|Any CPU
		{413FB1D3-4A35-497C-8A66-F454EE43CB30}.Release|x86.ActiveCfg = Release|Any CPU
		{413FB1D3-4A35-497C-8A66-F454EE43CB30}.Release|x86.Build.0 = Release|Any CPU
	EndGlobalSection
	GlobalSection(SolutionProperties) = preSolution
		HideSolutionNode = FALSE
	EndGlobalSection
	GlobalSection(NestedProjects) = preSolution
		{B56110F0-2D27-4718-8C80-E7FDE3439A63} = {F84DCF8A-FC1A-4677-AF4D-616AD7DB3470}
		{8F1A0074-C392-4975-8020-55176D9CB0B5} = {F84DCF8A-FC1A-4677-AF4D-616AD7DB3470}
		{2B51B8DF-3870-43A4-9448-C52340CC6089} = {E75733BC-FF1B-477D-AEAE-43CD0DE5490B}
		{8BDA6F06-4F79-4F41-9F56-A1A9C5002B39} = {F84DCF8A-FC1A-4677-AF4D-616AD7DB3470}
		{9BDC2421-858C-4E80-94D3-B80BF68666DA} = {F84DCF8A-FC1A-4677-AF4D-616AD7DB3470}
		{B1EE588A-761E-4DB5-B7E2-27DB3BC9A405} = {F84DCF8A-FC1A-4677-AF4D-616AD7DB3470}
		{E142EDBF-E3AB-4ACD-B155-7C15B4906EC0} = {F84DCF8A-FC1A-4677-AF4D-616AD7DB3470}
		{E064263E-60FD-416F-A11B-760AFA1D41F8} = {F84DCF8A-FC1A-4677-AF4D-616AD7DB3470}
		{0E30EB22-0091-4927-8B4B-FD2BD46CE5DE} = {F84DCF8A-FC1A-4677-AF4D-616AD7DB3470}
		{E5DA04D9-786D-40A8-9702-508D25BDCF80} = {F84DCF8A-FC1A-4677-AF4D-616AD7DB3470}
		{413FB1D3-4A35-497C-8A66-F454EE43CB30} = {F84DCF8A-FC1A-4677-AF4D-616AD7DB3470}
	EndGlobalSection
	GlobalSection(ExtensibilityGlobals) = postSolution
		SolutionGuid = {E6B79611-4632-4CCC-BE40-0FF3202E49DF}
	EndGlobalSection
EndGlobal
